
Microsoft Visual Studio Solution File, Format Version 12.00
# Visual Studio Version 16
VisualStudioVersion = 16.0.35425.106
MinimumVisualStudioVersion = 10.0.40219.1
Project("{FAE04EC0-301F-11D3-BF4B-00C04F79EFBC}") = "Lab5", "Lab5\Lab5.csproj", "{65A441CF-4908-4244-9505-68ED930339AA}"
EndProject
Global
	GlobalSection(SolutionConfigurationPlatforms) = preSolution
		Debug|Any CPU = Debug|Any CPU
		Release|Any CPU = Release|Any CPU
	EndGlobalSection
	GlobalSection(ProjectConfigurationPlatforms) = postSolution
		{65A441CF-4908-4244-9505-68ED930339AA}.Debug|Any CPU.ActiveCfg = Debug|Any CPU
		{65A441CF-4908-4244-9505-68ED930339AA}.Debug|Any CPU.Build.0 = Debug|Any CPU
		{65A441CF-4908-4244-9505-68ED930339AA}.Release|Any CPU.ActiveCfg = Release|Any CPU
		{65A441CF-4908-4244-9505-68ED930339AA}.Release|Any CPU.Build.0 = Release|Any CPU
	EndGlobalSection
	GlobalSection(SolutionProperties) = preSolution
		HideSolutionNode = FALSE
	EndGlobalSection
	GlobalSection(ExtensibilityGlobals) = postSolution
		SolutionGuid = {26929A8F-825F-4314-9439-8CB5DDFEA35E}
	EndGlobalSection
EndGlobal
